<?xml version="1.0" encoding="UTF-8"?>
<!DOCTYPE plist PUBLIC "-//Apple//DTD PLIST 1.0//EN" "http://www.apple.com/DTDs/PropertyList-1.0.dtd">
<plist version="1.0">
<dict>
	<key>archiveVersion</key>
	<string>1</string>
	<key>classes</key>
	<dict/>
	<key>objectVersion</key>
	<string>46</string>
	<key>objects</key>
	<dict>
		<key>03D6DD4997A2236463622724</key>
		<dict>
			<key>includeInIndex</key>
			<string>1</string>
			<key>isa</key>
			<string>PBXFileReference</string>
			<key>lastKnownFileType</key>
			<string>text.xcconfig</string>
			<key>name</key>
			<string>Pods-Tests.release.xcconfig</string>
			<key>path</key>
			<string>Pods/Target Support Files/Pods-Tests/Pods-Tests.release.xcconfig</string>
			<key>sourceTree</key>
			<string>&lt;group&gt;</string>
		</dict>
		<key>1E0F6D36DB93259CEC02ECCD</key>
		<dict>
			<key>children</key>
			<array>
				<string>7C35341FC3F364A4B71574E1</string>
				<string>03D6DD4997A2236463622724</string>
			</array>
			<key>isa</key>
			<string>PBXGroup</string>
			<key>name</key>
			<string>Pods</string>
			<key>sourceTree</key>
			<string>&lt;group&gt;</string>
		</dict>
		<key>274685CA0AB44D94A4A447DB</key>
		<dict>
			<key>buildActionMask</key>
			<string>2147483647</string>
			<key>files</key>
			<array/>
			<key>inputPaths</key>
			<array/>
			<key>isa</key>
			<string>PBXShellScriptBuildPhase</string>
			<key>name</key>
			<string>Copy Pods Resources</string>
			<key>outputPaths</key>
			<array/>
			<key>runOnlyForDeploymentPostprocessing</key>
			<string>0</string>
			<key>shellPath</key>
			<string>/bin/sh</string>
			<key>shellScript</key>
			<string>"${SRCROOT}/Pods/Target Support Files/Pods-Tests/Pods-Tests-resources.sh"
</string>
			<key>showEnvVarsInLog</key>
			<string>0</string>
		</dict>
		<key>355B202E8C9424AB51E3E1E7</key>
		<dict>
			<key>fileRef</key>
			<string>355B25B93D31ABAADB21E4A8</string>
			<key>isa</key>
			<string>PBXBuildFile</string>
		</dict>
		<key>355B20307C315B8F0A6087AE</key>
		<dict>
			<key>isa</key>
			<string>PBXFileReference</string>
			<key>lastKnownFileType</key>
			<string>folder.assetcatalog</string>
			<key>path</key>
			<string>Images.xcassets</string>
			<key>sourceTree</key>
			<string>&lt;group&gt;</string>
		</dict>
		<key>355B205FB79AD573BD192FE8</key>
		<dict>
			<key>fileEncoding</key>
			<string>4</string>
			<key>isa</key>
			<string>PBXFileReference</string>
			<key>lastKnownFileType</key>
			<string>sourcecode.c.objc</string>
			<key>path</key>
			<string>OBCollectionPickerViewControllerTest.m</string>
			<key>sourceTree</key>
			<string>&lt;group&gt;</string>
		</dict>
		<key>355B206AE3CF960CF4CB3557</key>
		<dict>
			<key>fileEncoding</key>
			<string>4</string>
			<key>isa</key>
			<string>PBXFileReference</string>
			<key>lastKnownFileType</key>
			<string>sourcecode.c.objc</string>
			<key>path</key>
			<string>OBImagePickerViewControllerTest.m</string>
			<key>sourceTree</key>
			<string>&lt;group&gt;</string>
		</dict>
		<key>355B20BE8C904BD30AA77521</key>
		<dict>
			<key>children</key>
			<array>
				<string>355B2C80B3A00E6178474B74</string>
				<string>355B227E143A2F5581774765</string>
				<string>355B2FEED1B037F5FD2E3522</string>
				<string>355B2C8737E1C9ABBD3B5AB2</string>
			</array>
			<key>isa</key>
			<string>PBXGroup</string>
			<key>path</key>
			<string>Demo</string>
			<key>sourceTree</key>
			<string>&lt;group&gt;</string>
		</dict>
		<key>355B2102D332CF711C0FD7AE</key>
		<dict>
			<key>fileEncoding</key>
			<string>4</string>
			<key>isa</key>
			<string>PBXFileReference</string>
			<key>lastKnownFileType</key>
			<string>sourcecode.c.objc</string>
			<key>path</key>
			<string>OBViewController.m</string>
			<key>sourceTree</key>
			<string>&lt;group&gt;</string>
		</dict>
		<key>355B222FE8C18E7F347A6D03</key>
		<dict>
			<key>fileEncoding</key>
			<string>4</string>
			<key>isa</key>
			<string>PBXFileReference</string>
			<key>lastKnownFileType</key>
			<string>sourcecode.c.objc</string>
			<key>path</key>
			<string>TestNavigationController.m</string>
			<key>sourceTree</key>
			<string>&lt;group&gt;</string>
		</dict>
		<key>355B224A07C8F5CE7A05B064</key>
		<dict>
			<key>fileRef</key>
			<string>355B2529BF48C254D3E01E17</string>
			<key>isa</key>
			<string>PBXBuildFile</string>
		</dict>
		<key>355B227E143A2F5581774765</key>
		<dict>
			<key>children</key>
			<array>
				<string>355B20307C315B8F0A6087AE</string>
				<string>A74D4CA919780655000A9991</string>
				<string>355B2833AAD7DBDC96FCBB39</string>
			</array>
			<key>isa</key>
			<string>PBXGroup</string>
			<key>path</key>
			<string>Resource</string>
			<key>sourceTree</key>
			<string>&lt;group&gt;</string>
		</dict>
		<key>355B22D399F0D29BCF3E7C44</key>
		<dict>
			<key>fileEncoding</key>
			<string>4</string>
			<key>isa</key>
			<string>PBXFileReference</string>
			<key>lastKnownFileType</key>
			<string>sourcecode.c.objc</string>
			<key>path</key>
			<string>OBCollection.m</string>
			<key>sourceTree</key>
			<string>&lt;group&gt;</string>
		</dict>
		<key>355B22F70ED327C5DF1B4608</key>
		<dict>
			<key>fileRef</key>
			<string>355B29F7D10727667ADA7842</string>
			<key>isa</key>
			<string>PBXBuildFile</string>
		</dict>
		<key>355B230DBA81AAAFD8B1C824</key>
		<dict>
			<key>fileEncoding</key>
			<string>4</string>
			<key>isa</key>
			<string>PBXFileReference</string>
			<key>lastKnownFileType</key>
			<string>sourcecode.c.objc</string>
			<key>path</key>
			<string>OBAssetCollectionViewCell.m</string>
			<key>sourceTree</key>
			<string>&lt;group&gt;</string>
		</dict>
		<key>355B237907292FD187731A77</key>
		<dict>
			<key>fileRef</key>
			<string>355B25A49571CA13013382C1</string>
			<key>isa</key>
			<string>PBXBuildFile</string>
		</dict>
		<key>355B2407D2D75C1EF5704348</key>
		<dict>
			<key>fileEncoding</key>
			<string>4</string>
			<key>isa</key>
			<string>PBXFileReference</string>
			<key>lastKnownFileType</key>
			<string>sourcecode.c.h</string>
			<key>path</key>
			<string>OBAssetLibrary.h</string>
			<key>sourceTree</key>
			<string>&lt;group&gt;</string>
		</dict>
		<key>355B248F5EF7D0CE3CAABC77</key>
		<dict>
			<key>fileEncoding</key>
			<string>4</string>
			<key>isa</key>
			<string>PBXFileReference</string>
			<key>lastKnownFileType</key>
			<string>sourcecode.c.h</string>
			<key>path</key>
			<string>OBImagePickerViewController.h</string>
			<key>sourceTree</key>
			<string>&lt;group&gt;</string>
		</dict>
		<key>355B2529BF48C254D3E01E17</key>
		<dict>
			<key>fileEncoding</key>
			<string>4</string>
			<key>isa</key>
			<string>PBXFileReference</string>
			<key>lastKnownFileType</key>
			<string>sourcecode.c.objc</string>
			<key>path</key>
			<string>OBCollectionTableViewCellTest.m</string>
			<key>sourceTree</key>
			<string>&lt;group&gt;</string>
		</dict>
		<key>355B25657C6DA6C854AE880C</key>
		<dict>
			<key>children</key>
			<array>
				<string>355B27A9B56E74107EC4B3DE</string>
				<string>355B28F7ADA388F549ABE0C4</string>
				<string>355B2ABF7B61AB312641883E</string>
				<string>355B295D53C58FB294BF5B90</string>
				<string>355B2E0BE4958046E93F9A6D</string>
				<string>355B27063BE8CF4F9A22BD22</string>
				<string>355B2E78866E37AC77D6260B</string>
			</array>
			<key>isa</key>
			<string>PBXGroup</string>
			<key>path</key>
			<string>ALAsset</string>
			<key>sourceTree</key>
			<string>&lt;group&gt;</string>
		</dict>
		<key>355B25A4532088679D16224B</key>
		<dict>
			<key>fileEncoding</key>
			<string>4</string>
			<key>isa</key>
			<string>PBXFileReference</string>
			<key>lastKnownFileType</key>
			<string>sourcecode.c.h</string>
			<key>path</key>
			<string>OBGradientView.h</string>
			<key>sourceTree</key>
			<string>&lt;group&gt;</string>
		</dict>
		<key>355B25A49571CA13013382C1</key>
		<dict>
			<key>isa</key>
			<string>PBXFileReference</string>
			<key>lastKnownFileType</key>
			<string>image.png</string>
			<key>path</key>
			<string>Asset.png</string>
			<key>sourceTree</key>
			<string>&lt;group&gt;</string>
		</dict>
		<key>355B25B210C1C9EA30770699</key>
		<dict>
			<key>fileEncoding</key>
			<string>4</string>
			<key>isa</key>
			<string>PBXFileReference</string>
			<key>lastKnownFileType</key>
			<string>sourcecode.c.objc</string>
			<key>path</key>
			<string>OBAssetPickerViewControllerTest.m</string>
			<key>sourceTree</key>
			<string>&lt;group&gt;</string>
		</dict>
		<key>355B25B93D31ABAADB21E4A8</key>
		<dict>
			<key>fileEncoding</key>
			<string>4</string>
			<key>isa</key>
			<string>PBXFileReference</string>
			<key>lastKnownFileType</key>
			<string>sourcecode.c.objc</string>
			<key>path</key>
			<string>UIBarButtonTestHelper.m</string>
			<key>sourceTree</key>
			<string>&lt;group&gt;</string>
		</dict>
		<key>355B25C714FB6FF28AB7CE12</key>
		<dict>
			<key>children</key>
			<array>
				<string>A72E4D8C1979534A00B80030</string>
				<string>355B26D32CED01C0F7BDDC3D</string>
				<string>355B27E3CE201AB176F2495F</string>
				<string>A74D4C9019780473000A9991</string>
				<string>355B2E52C4BF2B9F104F4FCC</string>
				<string>355B2695A71E9EC5C329E546</string>
			</array>
			<key>isa</key>
			<string>PBXGroup</string>
			<key>path</key>
			<string>Resource</string>
			<key>sourceTree</key>
			<string>&lt;group&gt;</string>
		</dict>
		<key>355B25D9A0E3AF58DC0C335F</key>
		<dict>
			<key>fileEncoding</key>
			<string>4</string>
			<key>isa</key>
			<string>PBXFileReference</string>
			<key>lastKnownFileType</key>
			<string>sourcecode.c.objc</string>
			<key>path</key>
			<string>OBAssetPickerViewController.m</string>
			<key>sourceTree</key>
			<string>&lt;group&gt;</string>
		</dict>
		<key>355B26214E8B3F8263E3A4A4</key>
		<dict>
			<key>fileEncoding</key>
			<string>4</string>
			<key>isa</key>
			<string>PBXFileReference</string>
			<key>lastKnownFileType</key>
			<string>sourcecode.c.objc</string>
			<key>path</key>
			<string>OBGradientView.m</string>
			<key>sourceTree</key>
			<string>&lt;group&gt;</string>
		</dict>
		<key>355B262C6240C51F3FB859F9</key>
		<dict>
			<key>children</key>
			<array>
				<string>355B205FB79AD573BD192FE8</string>
				<string>355B2529BF48C254D3E01E17</string>
				<string>355B2C437932D38DB2BCBE60</string>
				<string>355B206AE3CF960CF4CB3557</string>
				<string>355B25B210C1C9EA30770699</string>
				<string>355B2D5AB22D40940648A9F4</string>
				<string>355B2D2322439044787F5D24</string>
			</array>
			<key>isa</key>
			<string>PBXGroup</string>
			<key>path</key>
			<string>Source</string>
			<key>sourceTree</key>
			<string>&lt;group&gt;</string>
		</dict>
		<key>355B26887F8D66187FABDE3B</key>
		<dict>
			<key>fileEncoding</key>
			<string>4</string>
			<key>isa</key>
			<string>PBXFileReference</string>
			<key>lastKnownFileType</key>
			<string>sourcecode.c.h</string>
			<key>path</key>
			<string>OBCollectionTableViewCell.h</string>
			<key>sourceTree</key>
			<string>&lt;group&gt;</string>
		</dict>
		<key>355B2695A71E9EC5C329E546</key>
		<dict>
			<key>isa</key>
			<string>PBXFileReference</string>
			<key>lastKnownFileType</key>
			<string>image.png</string>
			<key>path</key>
			<string>OBVideoIcon@2x.png</string>
			<key>sourceTree</key>
			<string>&lt;group&gt;</string>
		</dict>
		<key>355B26C436704145F4ACF0BF</key>
		<dict>
			<key>fileEncoding</key>
			<string>4</string>
			<key>isa</key>
			<string>PBXFileReference</string>
			<key>lastKnownFileType</key>
			<string>sourcecode.c.objc</string>
			<key>path</key>
			<string>OBImagePickerViewController.m</string>
			<key>sourceTree</key>
			<string>&lt;group&gt;</string>
		</dict>
		<key>355B26D32CED01C0F7BDDC3D</key>
		<dict>
			<key>isa</key>
			<string>PBXFileReference</string>
			<key>lastKnownFileType</key>
			<string>image.png</string>
			<key>path</key>
			<string>OBAssetCheckedImage.png</string>
			<key>sourceTree</key>
			<string>&lt;group&gt;</string>
		</dict>
		<key>355B26D4891E63208A0F135F</key>
		<dict>
			<key>fileEncoding</key>
			<string>4</string>
			<key>isa</key>
			<string>PBXFileReference</string>
			<key>lastKnownFileType</key>
			<string>sourcecode.c.h</string>
			<key>path</key>
			<string>OBAppDelegate.h</string>
			<key>sourceTree</key>
			<string>&lt;group&gt;</string>
		</dict>
		<key>355B27063BE8CF4F9A22BD22</key>
		<dict>
			<key>fileEncoding</key>
			<string>4</string>
			<key>isa</key>
			<string>PBXFileReference</string>
			<key>lastKnownFileType</key>
			<string>sourcecode.c.h</string>
			<key>path</key>
			<string>OBALCollection.h</string>
			<key>sourceTree</key>
			<string>&lt;group&gt;</string>
		</dict>
		<key>355B271BF24208FB89B795A7</key>
		<dict>
			<key>fileRef</key>
			<string>355B2EFBAEAEE533B8531952</string>
			<key>isa</key>
			<string>PBXBuildFile</string>
		</dict>
		<key>355B272E7B7862D900D8C4BF</key>
		<dict>
			<key>fileEncoding</key>
			<string>4</string>
			<key>isa</key>
			<string>PBXFileReference</string>
			<key>lastKnownFileType</key>
			<string>sourcecode.c.h</string>
			<key>path</key>
			<string>OBCustomAssetCollectionViewCell.h</string>
			<key>sourceTree</key>
			<string>&lt;group&gt;</string>
		</dict>
		<key>355B274424A7824ECE100DF7</key>
		<dict>
			<key>children</key>
			<array>
				<string>355B274ADC9742AE62045BD1</string>
				<string>355B2DE28D218FE9252840F5</string>
				<string>355B2AA55CCDE9D764FF3806</string>
				<string>355B230DBA81AAAFD8B1C824</string>
				<string>355B2407D2D75C1EF5704348</string>
				<string>355B25D9A0E3AF58DC0C335F</string>
				<string>355B279CB36258F7EFE7C957</string>
				<string>355B2FB07023020DF34C59CB</string>
				<string>355B22D399F0D29BCF3E7C44</string>
				<string>355B2A7EDB21D25B5ED49D58</string>
				<string>355B2B457FF92C718AF82237</string>
				<string>355B26887F8D66187FABDE3B</string>
				<string>355B28AFCB1F6F72C1DB2709</string>
				<string>355B2B3088DE859A864B41A7</string>
				<string>355B2B46D0D10E6CDDAF95CE</string>
				<string>355B26214E8B3F8263E3A4A4</string>
				<string>355B25A4532088679D16224B</string>
				<string>355B248F5EF7D0CE3CAABC77</string>
				<string>355B26C436704145F4ACF0BF</string>
				<string>355B25657C6DA6C854AE880C</string>
			</array>
			<key>isa</key>
			<string>PBXGroup</string>
			<key>path</key>
			<string>Source</string>
			<key>sourceTree</key>
			<string>&lt;group&gt;</string>
		</dict>
		<key>355B274ADC9742AE62045BD1</key>
		<dict>
			<key>fileEncoding</key>
			<string>4</string>
			<key>isa</key>
			<string>PBXFileReference</string>
			<key>lastKnownFileType</key>
			<string>sourcecode.c.h</string>
			<key>path</key>
			<string>OBAsset.h</string>
			<key>sourceTree</key>
			<string>&lt;group&gt;</string>
		</dict>
		<key>355B2788ACE8C850FE6C7038</key>
		<dict>
			<key>fileRef</key>
			<string>355B206AE3CF960CF4CB3557</string>
			<key>isa</key>
			<string>PBXBuildFile</string>
		</dict>
		<key>355B279CAF82B7E9E0A8AB8C</key>
		<dict>
			<key>fileRef</key>
			<string>355B2FEDA47898552D73D172</string>
			<key>isa</key>
			<string>PBXBuildFile</string>
		</dict>
		<key>355B279CB36258F7EFE7C957</key>
		<dict>
			<key>fileEncoding</key>
			<string>4</string>
			<key>isa</key>
			<string>PBXFileReference</string>
			<key>lastKnownFileType</key>
			<string>sourcecode.c.h</string>
			<key>path</key>
			<string>OBAssetPickerViewController.h</string>
			<key>sourceTree</key>
			<string>&lt;group&gt;</string>
		</dict>
		<key>355B27A9B56E74107EC4B3DE</key>
		<dict>
			<key>fileEncoding</key>
			<string>4</string>
			<key>isa</key>
			<string>PBXFileReference</string>
			<key>lastKnownFileType</key>
			<string>sourcecode.c.h</string>
			<key>path</key>
			<string>OBAsset.h</string>
			<key>sourceTree</key>
			<string>&lt;group&gt;</string>
		</dict>
		<key>355B27E3CE201AB176F2495F</key>
		<dict>
			<key>isa</key>
			<string>PBXFileReference</string>
			<key>lastKnownFileType</key>
			<string>image.png</string>
			<key>path</key>
			<string>OBAssetCheckedImage@2x.png</string>
			<key>sourceTree</key>
			<string>&lt;group&gt;</string>
		</dict>
		<key>355B2833AAD7DBDC96FCBB39</key>
		<dict>
			<key>isa</key>
			<string>PBXFileReference</string>
			<key>lastKnownFileType</key>
			<string>file.storyboard</string>
			<key>path</key>
			<string>Main_iPad.storyboard</string>
			<key>sourceTree</key>
			<string>&lt;group&gt;</string>
		</dict>
		<key>355B28AFCB1F6F72C1DB2709</key>
		<dict>
			<key>fileEncoding</key>
			<string>4</string>
			<key>isa</key>
			<string>PBXFileReference</string>
			<key>lastKnownFileType</key>
			<string>sourcecode.c.objc</string>
			<key>path</key>
			<string>OBCollectionTableViewCell.m</string>
			<key>sourceTree</key>
			<string>&lt;group&gt;</string>
		</dict>
		<key>355B28F7ADA388F549ABE0C4</key>
		<dict>
			<key>fileEncoding</key>
			<string>4</string>
			<key>isa</key>
			<string>PBXFileReference</string>
			<key>lastKnownFileType</key>
			<string>sourcecode.c.h</string>
			<key>path</key>
			<string>OBALAsset.h</string>
			<key>sourceTree</key>
			<string>&lt;group&gt;</string>
		</dict>
		<key>355B295D53C58FB294BF5B90</key>
		<dict>
			<key>fileEncoding</key>
			<string>4</string>
			<key>isa</key>
			<string>PBXFileReference</string>
			<key>lastKnownFileType</key>
			<string>sourcecode.c.h</string>
			<key>path</key>
			<string>OBALAssetLibrary.h</string>
			<key>sourceTree</key>
			<string>&lt;group&gt;</string>
		</dict>
		<key>355B29F7D10727667ADA7842</key>
		<dict>
			<key>fileEncoding</key>
			<string>4</string>
			<key>isa</key>
			<string>PBXFileReference</string>
			<key>lastKnownFileType</key>
			<string>sourcecode.c.objc</string>
			<key>path</key>
			<string>ALAssetsGroupStub.m</string>
			<key>sourceTree</key>
			<string>&lt;group&gt;</string>
		</dict>
		<key>355B2A7EDB21D25B5ED49D58</key>
		<dict>
			<key>fileEncoding</key>
			<string>4</string>
			<key>isa</key>
			<string>PBXFileReference</string>
			<key>lastKnownFileType</key>
			<string>sourcecode.c.h</string>
			<key>path</key>
			<string>OBCollectionPickerViewController.h</string>
			<key>sourceTree</key>
			<string>&lt;group&gt;</string>
		</dict>
		<key>355B2A880F75E258876F1157</key>
		<dict>
			<key>fileRef</key>
			<string>355B20307C315B8F0A6087AE</string>
			<key>isa</key>
			<string>PBXBuildFile</string>
		</dict>
		<key>355B2AA55CCDE9D764FF3806</key>
		<dict>
			<key>fileEncoding</key>
			<string>4</string>
			<key>isa</key>
			<string>PBXFileReference</string>
			<key>lastKnownFileType</key>
			<string>sourcecode.c.h</string>
			<key>path</key>
			<string>OBAssetCollectionViewCell.h</string>
			<key>sourceTree</key>
			<string>&lt;group&gt;</string>
		</dict>
		<key>355B2ABF7B61AB312641883E</key>
		<dict>
			<key>fileEncoding</key>
			<string>4</string>
			<key>isa</key>
			<string>PBXFileReference</string>
			<key>lastKnownFileType</key>
			<string>sourcecode.c.objc</string>
			<key>path</key>
			<string>OBALAsset.m</string>
			<key>sourceTree</key>
			<string>&lt;group&gt;</string>
		</dict>
		<key>355B2ACEC6851675F683331F</key>
		<dict>
			<key>fileEncoding</key>
			<string>4</string>
			<key>isa</key>
			<string>PBXFileReference</string>
			<key>lastKnownFileType</key>
			<string>sourcecode.c.objc</string>
			<key>path</key>
			<string>OBCustomAssetCollectionViewCell.m</string>
			<key>sourceTree</key>
			<string>&lt;group&gt;</string>
		</dict>
		<key>355B2B20A5A3A05199685BCF</key>
		<dict>
			<key>children</key>
			<array>
				<string>A72E4D961979575C00B80030</string>
				<string>355B274424A7824ECE100DF7</string>
				<string>355B25C714FB6FF28AB7CE12</string>
			</array>
			<key>isa</key>
			<string>PBXGroup</string>
			<key>path</key>
			<string>Core</string>
			<key>sourceTree</key>
			<string>&lt;group&gt;</string>
		</dict>
		<key>355B2B3088DE859A864B41A7</key>
		<dict>
			<key>fileEncoding</key>
			<string>4</string>
			<key>isa</key>
			<string>PBXFileReference</string>
			<key>lastKnownFileType</key>
			<string>sourcecode.c.h</string>
			<key>path</key>
			<string>OBDefaultAssetCollectionViewCell.h</string>
			<key>sourceTree</key>
			<string>&lt;group&gt;</string>
		</dict>
		<key>355B2B3D4E9DE6384067F60E</key>
		<dict>
			<key>fileRef</key>
			<string>355B2ACEC6851675F683331F</string>
			<key>isa</key>
			<string>PBXBuildFile</string>
		</dict>
		<key>355B2B457FF92C718AF82237</key>
		<dict>
			<key>fileEncoding</key>
			<string>4</string>
			<key>isa</key>
			<string>PBXFileReference</string>
			<key>lastKnownFileType</key>
			<string>sourcecode.c.objc</string>
			<key>path</key>
			<string>OBCollectionPickerViewController.m</string>
			<key>sourceTree</key>
			<string>&lt;group&gt;</string>
		</dict>
		<key>355B2B46D0D10E6CDDAF95CE</key>
		<dict>
			<key>fileEncoding</key>
			<string>4</string>
			<key>isa</key>
			<string>PBXFileReference</string>
			<key>lastKnownFileType</key>
			<string>sourcecode.c.objc</string>
			<key>path</key>
			<string>OBDefaultAssetCollectionViewCell.m</string>
			<key>sourceTree</key>
			<string>&lt;group&gt;</string>
		</dict>
		<key>355B2B4987B180A366ED013C</key>
		<dict>
			<key>fileRef</key>
			<string>355B2833AAD7DBDC96FCBB39</string>
			<key>isa</key>
			<string>PBXBuildFile</string>
		</dict>
		<key>355B2BBD34F2D21735DED359</key>
		<dict>
			<key>fileRef</key>
			<string>355B205FB79AD573BD192FE8</string>
			<key>isa</key>
			<string>PBXBuildFile</string>
		</dict>
		<key>355B2BE4085B204DE75463F3</key>
		<dict>
			<key>fileEncoding</key>
			<string>4</string>
			<key>isa</key>
			<string>PBXFileReference</string>
			<key>lastKnownFileType</key>
			<string>sourcecode.c.h</string>
			<key>path</key>
			<string>OBTestAssetCollectionViewCell.h</string>
			<key>sourceTree</key>
			<string>&lt;group&gt;</string>
		</dict>
		<key>355B2C2C8DE770EB23C128CA</key>
		<dict>
			<key>children</key>
			<array>
				<string>355B25A49571CA13013382C1</string>
			</array>
			<key>isa</key>
			<string>PBXGroup</string>
			<key>path</key>
			<string>Resource</string>
			<key>sourceTree</key>
			<string>&lt;group&gt;</string>
		</dict>
		<key>355B2C437932D38DB2BCBE60</key>
		<dict>
			<key>fileEncoding</key>
			<string>4</string>
			<key>isa</key>
			<string>PBXFileReference</string>
			<key>lastKnownFileType</key>
			<string>sourcecode.c.objc</string>
			<key>path</key>
			<string>OBAssetLibraryTest.m</string>
			<key>sourceTree</key>
			<string>&lt;group&gt;</string>
		</dict>
		<key>355B2C80B3A00E6178474B74</key>
		<dict>
			<key>children</key>
			<array>
				<string>355B2E13DF9A5083AA669B07</string>
				<string>355B2102D332CF711C0FD7AE</string>
				<string>355B26D4891E63208A0F135F</string>
				<string>355B2DD330CA0D695376CF1F</string>
				<string>355B2FEDA47898552D73D172</string>
				<string>355B2ACEC6851675F683331F</string>
				<string>355B272E7B7862D900D8C4BF</string>
			</array>
			<key>isa</key>
			<string>PBXGroup</string>
			<key>path</key>
			<string>Source</string>
			<key>sourceTree</key>
			<string>&lt;group&gt;</string>
		</dict>
		<key>355B2C8737E1C9ABBD3B5AB2</key>
		<dict>
			<key>fileEncoding</key>
			<string>4</string>
			<key>isa</key>
			<string>PBXFileReference</string>
			<key>lastKnownFileType</key>
			<string>sourcecode.c.h</string>
			<key>path</key>
			<string>OBImagePicker-Prefix.pch</string>
			<key>sourceTree</key>
			<string>&lt;group&gt;</string>
		</dict>
		<key>355B2CD81CC3F9EEA39532E1</key>
		<dict>
			<key>fileRef</key>
			<string>355B2C437932D38DB2BCBE60</string>
			<key>isa</key>
			<string>PBXBuildFile</string>
		</dict>
		<key>355B2D2322439044787F5D24</key>
		<dict>
			<key>children</key>
			<array>
				<string>355B29F7D10727667ADA7842</string>
				<string>355B2E6C36B55233C1FDFA0B</string>
			</array>
			<key>isa</key>
			<string>PBXGroup</string>
			<key>path</key>
			<string>Stubs</string>
			<key>sourceTree</key>
			<string>&lt;group&gt;</string>
		</dict>
		<key>355B2D5AB22D40940648A9F4</key>
		<dict>
			<key>children</key>
			<array>
				<string>355B25B93D31ABAADB21E4A8</string>
				<string>355B2D7C4F16E1701ADCE47C</string>
				<string>355B2F2502A145B33B338C70</string>
				<string>355B222FE8C18E7F347A6D03</string>
				<string>355B2EFBAEAEE533B8531952</string>
				<string>355B2BE4085B204DE75463F3</string>
			</array>
			<key>isa</key>
			<string>PBXGroup</string>
			<key>path</key>
			<string>Helpers</string>
			<key>sourceTree</key>
			<string>&lt;group&gt;</string>
		</dict>
		<key>355B2D7C4F16E1701ADCE47C</key>
		<dict>
			<key>fileEncoding</key>
			<string>4</string>
			<key>isa</key>
			<string>PBXFileReference</string>
			<key>lastKnownFileType</key>
			<string>sourcecode.c.h</string>
			<key>path</key>
			<string>UIBarButtonTestHelper.h</string>
			<key>sourceTree</key>
			<string>&lt;group&gt;</string>
		</dict>
		<key>355B2DD330CA0D695376CF1F</key>
		<dict>
			<key>fileEncoding</key>
			<string>4</string>
			<key>isa</key>
			<string>PBXFileReference</string>
			<key>lastKnownFileType</key>
			<string>sourcecode.c.objc</string>
			<key>path</key>
			<string>OBAppDelegate.m</string>
			<key>sourceTree</key>
			<string>&lt;group&gt;</string>
		</dict>
		<key>355B2DE28D218FE9252840F5</key>
		<dict>
			<key>fileEncoding</key>
			<string>4</string>
			<key>isa</key>
			<string>PBXFileReference</string>
			<key>lastKnownFileType</key>
			<string>sourcecode.c.objc</string>
			<key>path</key>
			<string>OBAsset.m</string>
			<key>sourceTree</key>
			<string>&lt;group&gt;</string>
		</dict>
		<key>355B2E0BE4958046E93F9A6D</key>
		<dict>
			<key>fileEncoding</key>
			<string>4</string>
			<key>isa</key>
			<string>PBXFileReference</string>
			<key>lastKnownFileType</key>
			<string>sourcecode.c.objc</string>
			<key>path</key>
			<string>OBALAssetLibrary.m</string>
			<key>sourceTree</key>
			<string>&lt;group&gt;</string>
		</dict>
		<key>355B2E13DF9A5083AA669B07</key>
		<dict>
			<key>fileEncoding</key>
			<string>4</string>
			<key>isa</key>
			<string>PBXFileReference</string>
			<key>lastKnownFileType</key>
			<string>sourcecode.c.h</string>
			<key>path</key>
			<string>OBViewController.h</string>
			<key>sourceTree</key>
			<string>&lt;group&gt;</string>
		</dict>
		<key>355B2E52C4BF2B9F104F4FCC</key>
		<dict>
			<key>isa</key>
			<string>PBXFileReference</string>
			<key>lastKnownFileType</key>
			<string>image.png</string>
			<key>path</key>
			<string>OBVideoIcon.png</string>
			<key>sourceTree</key>
			<string>&lt;group&gt;</string>
		</dict>
		<key>355B2E6C36B55233C1FDFA0B</key>
		<dict>
			<key>fileEncoding</key>
			<string>4</string>
			<key>isa</key>
			<string>PBXFileReference</string>
			<key>lastKnownFileType</key>
			<string>sourcecode.c.h</string>
			<key>path</key>
			<string>ALAssetsGroupStub.h</string>
			<key>sourceTree</key>
			<string>&lt;group&gt;</string>
		</dict>
		<key>355B2E78866E37AC77D6260B</key>
		<dict>
			<key>fileEncoding</key>
			<string>4</string>
			<key>isa</key>
			<string>PBXFileReference</string>
			<key>lastKnownFileType</key>
			<string>sourcecode.c.objc</string>
			<key>path</key>
			<string>OBALCollection.m</string>
			<key>sourceTree</key>
			<string>&lt;group&gt;</string>
		</dict>
		<key>355B2E8F2E09644F1C27B66A</key>
		<dict>
			<key>fileRef</key>
			<string>355B2DD330CA0D695376CF1F</string>
			<key>isa</key>
			<string>PBXBuildFile</string>
		</dict>
		<key>355B2EA0B3571F351CB807BC</key>
		<dict>
			<key>fileRef</key>
			<string>355B222FE8C18E7F347A6D03</string>
			<key>isa</key>
			<string>PBXBuildFile</string>
		</dict>
		<key>355B2EFBAEAEE533B8531952</key>
		<dict>
			<key>fileEncoding</key>
			<string>4</string>
			<key>isa</key>
			<string>PBXFileReference</string>
			<key>lastKnownFileType</key>
			<string>sourcecode.c.objc</string>
			<key>path</key>
			<string>OBTestAssetCollectionViewCell.m</string>
			<key>sourceTree</key>
			<string>&lt;group&gt;</string>
		</dict>
		<key>355B2F2502A145B33B338C70</key>
		<dict>
			<key>fileEncoding</key>
			<string>4</string>
			<key>isa</key>
			<string>PBXFileReference</string>
			<key>lastKnownFileType</key>
			<string>sourcecode.c.h</string>
			<key>path</key>
			<string>TestNavigationController.h</string>
			<key>sourceTree</key>
			<string>&lt;group&gt;</string>
		</dict>
		<key>355B2F5DFFE39AAC3B16A2BF</key>
		<dict>
			<key>fileRef</key>
			<string>355B2102D332CF711C0FD7AE</string>
			<key>isa</key>
			<string>PBXBuildFile</string>
		</dict>
		<key>355B2F973C3A845557D42651</key>
		<dict>
			<key>fileRef</key>
			<string>355B25B210C1C9EA30770699</string>
			<key>isa</key>
			<string>PBXBuildFile</string>
		</dict>
		<key>355B2FB07023020DF34C59CB</key>
		<dict>
			<key>fileEncoding</key>
			<string>4</string>
			<key>isa</key>
			<string>PBXFileReference</string>
			<key>lastKnownFileType</key>
			<string>sourcecode.c.h</string>
			<key>path</key>
			<string>OBCollection.h</string>
			<key>sourceTree</key>
			<string>&lt;group&gt;</string>
		</dict>
		<key>355B2FEDA47898552D73D172</key>
		<dict>
			<key>fileEncoding</key>
			<string>4</string>
			<key>isa</key>
			<string>PBXFileReference</string>
			<key>lastKnownFileType</key>
			<string>sourcecode.c.objc</string>
			<key>path</key>
			<string>main.m</string>
			<key>sourceTree</key>
			<string>&lt;group&gt;</string>
		</dict>
		<key>355B2FEED1B037F5FD2E3522</key>
		<dict>
			<key>fileEncoding</key>
			<string>4</string>
			<key>isa</key>
			<string>PBXFileReference</string>
			<key>lastKnownFileType</key>
			<string>text.plist.info</string>
			<key>path</key>
			<string>OBImagePicker-Info.plist</string>
			<key>sourceTree</key>
			<string>&lt;group&gt;</string>
		</dict>
		<key>477C5D50B1D540F0BCD47920</key>
		<dict>
			<key>buildActionMask</key>
			<string>2147483647</string>
			<key>files</key>
			<array/>
			<key>inputPaths</key>
			<array/>
			<key>isa</key>
			<string>PBXShellScriptBuildPhase</string>
			<key>name</key>
			<string>Check Pods Manifest.lock</string>
			<key>outputPaths</key>
			<array/>
			<key>runOnlyForDeploymentPostprocessing</key>
			<string>0</string>
			<key>shellPath</key>
			<string>/bin/sh</string>
			<key>shellScript</key>
			<string>diff "${PODS_ROOT}/../Podfile.lock" "${PODS_ROOT}/Manifest.lock" &gt; /dev/null
if [[ $? != 0 ]] ; then
    cat &lt;&lt; EOM
error: The sandbox is not in sync with the Podfile.lock. Run 'pod install' or update your CocoaPods installation.
EOM
    exit 1
fi
</string>
			<key>showEnvVarsInLog</key>
			<string>0</string>
		</dict>
		<key>7C35341FC3F364A4B71574E1</key>
		<dict>
			<key>includeInIndex</key>
			<string>1</string>
			<key>isa</key>
			<string>PBXFileReference</string>
			<key>lastKnownFileType</key>
			<string>text.xcconfig</string>
			<key>name</key>
			<string>Pods-Tests.debug.xcconfig</string>
			<key>path</key>
			<string>Pods/Target Support Files/Pods-Tests/Pods-Tests.debug.xcconfig</string>
			<key>sourceTree</key>
			<string>&lt;group&gt;</string>
		</dict>
		<key>A72E4D8C1979534A00B80030</key>
		<dict>
			<key>isa</key>
			<string>PBXFileReference</string>
			<key>lastKnownFileType</key>
			<string>text.plist.xml</string>
			<key>path</key>
			<string>Resources-Info.plist</string>
			<key>sourceTree</key>
			<string>&lt;group&gt;</string>
		</dict>
		<key>A72E4D8E197953E200B80030</key>
		<dict>
			<key>fileRef</key>
			<string>A74D4C9019780473000A9991</string>
			<key>isa</key>
			<string>PBXBuildFile</string>
		</dict>
		<key>A72E4D8F197956CE00B80030</key>
		<dict>
			<key>fileRef</key>
			<string>355B26214E8B3F8263E3A4A4</string>
			<key>isa</key>
			<string>PBXBuildFile</string>
		</dict>
		<key>A72E4D90197956CE00B80030</key>
		<dict>
			<key>fileRef</key>
			<string>355B2B457FF92C718AF82237</string>
			<key>isa</key>
			<string>PBXBuildFile</string>
		</dict>
		<key>A72E4D91197956CE00B80030</key>
		<dict>
			<key>fileRef</key>
			<string>355B22D399F0D29BCF3E7C44</string>
			<key>isa</key>
			<string>PBXBuildFile</string>
		</dict>
		<key>A72E4D92197956CE00B80030</key>
		<dict>
			<key>fileRef</key>
			<string>355B2DE28D218FE9252840F5</string>
			<key>isa</key>
			<string>PBXBuildFile</string>
		</dict>
		<key>A72E4D93197956CE00B80030</key>
		<dict>
			<key>fileRef</key>
			<string>355B2B46D0D10E6CDDAF95CE</string>
			<key>isa</key>
			<string>PBXBuildFile</string>
		</dict>
		<key>A72E4D94197956CE00B80030</key>
		<dict>
			<key>fileRef</key>
			<string>355B28AFCB1F6F72C1DB2709</string>
			<key>isa</key>
			<string>PBXBuildFile</string>
		</dict>
		<key>A72E4D95197956CE00B80030</key>
		<dict>
			<key>fileRef</key>
			<string>355B25D9A0E3AF58DC0C335F</string>
			<key>isa</key>
			<string>PBXBuildFile</string>
		</dict>
		<key>A72E4D961979575C00B80030</key>
		<dict>
			<key>isa</key>
			<string>PBXFileReference</string>
			<key>lastKnownFileType</key>
			<string>sourcecode.c.h</string>
			<key>path</key>
			<string>OBImagePicker-Prefix.pch</string>
			<key>sourceTree</key>
			<string>&lt;group&gt;</string>
		</dict>
		<key>A74D4C4A1978017B000A9991</key>
		<dict>
			<key>children</key>
			<array>
				<string>355B2B20A5A3A05199685BCF</string>
				<string>355B20BE8C904BD30AA77521</string>
				<string>A74D4CB519780B2B000A9991</string>
				<string>A74D4C551978017B000A9991</string>
				<string>A74D4C541978017B000A9991</string>
				<string>1E0F6D36DB93259CEC02ECCD</string>
			</array>
			<key>isa</key>
			<string>PBXGroup</string>
			<key>sourceTree</key>
			<string>&lt;group&gt;</string>
		</dict>
		<key>A74D4C4B1978017B000A9991</key>
		<dict>
			<key>attributes</key>
			<dict>
				<key>CLASSPREFIX</key>
				<string>OB</string>
				<key>LastUpgradeCheck</key>
				<string>0510</string>
				<key>ORGANIZATIONNAME</key>
				<string>Rene Pirringer</string>
				<key>TargetAttributes</key>
				<dict>
					<key>A74D4CB019780B2B000A9991</key>
					<dict>
						<key>TestTargetID</key>
						<string>A74D4C521978017B000A9991</string>
					</dict>
					<key>A7CB0AEB197915E10058BE4E</key>
					<dict>
						<key>CreatedOnToolsVersion</key>
						<string>6.0</string>
					</dict>
					<key>A7CB0B061979161E0058BE4E</key>
					<dict>
						<key>CreatedOnToolsVersion</key>
						<string>6.0</string>
					</dict>
				</dict>
			</dict>
			<key>buildConfigurationList</key>
			<string>A74D4C4E1978017B000A9991</string>
			<key>compatibilityVersion</key>
			<string>Xcode 3.2</string>
			<key>developmentRegion</key>
			<string>English</string>
			<key>hasScannedForEncodings</key>
			<string>0</string>
			<key>isa</key>
			<string>PBXProject</string>
			<key>knownRegions</key>
			<array>
				<string>en</string>
				<string>Base</string>
				<string>de</string>
				<string>cs</string>
				<string>fr</string>
				<string>hu</string>
				<string>it</string>
				<string>es</string>
				<string>pt</string>
				<string>nl</string>
				<string>ro</string>
				<string>da</string>
				<string>ru</string>
				<string>pl</string>
			</array>
			<key>mainGroup</key>
			<string>A74D4C4A1978017B000A9991</string>
			<key>productRefGroup</key>
			<string>A74D4C541978017B000A9991</string>
			<key>projectDirPath</key>
			<string></string>
			<key>projectReferences</key>
			<array/>
			<key>projectRoot</key>
			<string></string>
			<key>targets</key>
			<array>
				<string>A74D4C521978017B000A9991</string>
				<string>A74D4CB019780B2B000A9991</string>
				<string>A7CB0AEB197915E10058BE4E</string>
				<string>A7CB0B061979161E0058BE4E</string>
			</array>
		</dict>
		<key>A74D4C4E1978017B000A9991</key>
		<dict>
			<key>buildConfigurations</key>
			<array>
				<string>A74D4C861978017B000A9991</string>
				<string>A74D4C871978017B000A9991</string>
			</array>
			<key>defaultConfigurationIsVisible</key>
			<string>0</string>
			<key>defaultConfigurationName</key>
			<string>Release</string>
			<key>isa</key>
			<string>XCConfigurationList</string>
		</dict>
		<key>A74D4C4F1978017B000A9991</key>
		<dict>
			<key>buildActionMask</key>
			<string>2147483647</string>
			<key>files</key>
			<array>
				<string>355B2F5DFFE39AAC3B16A2BF</string>
				<string>355B2E8F2E09644F1C27B66A</string>
				<string>355B279CAF82B7E9E0A8AB8C</string>
				<string>355B271BF24208FB89B795A7</string>
				<string>355B2B3D4E9DE6384067F60E</string>
			</array>
			<key>isa</key>
			<string>PBXSourcesBuildPhase</string>
			<key>runOnlyForDeploymentPostprocessing</key>
			<string>0</string>
		</dict>
		<key>A74D4C501978017B000A9991</key>
		<dict>
			<key>buildActionMask</key>
			<string>2147483647</string>
			<key>files</key>
			<array>
				<string>A7CB0B17197916620058BE4E</string>
				<string>A74D4C591978017B000A9991</string>
				<string>A74D4C5B1978017B000A9991</string>
				<string>A74D4C571978017B000A9991</string>
			</array>
			<key>isa</key>
			<string>PBXFrameworksBuildPhase</string>
			<key>runOnlyForDeploymentPostprocessing</key>
			<string>0</string>
		</dict>
		<key>A74D4C511978017B000A9991</key>
		<dict>
			<key>buildActionMask</key>
			<string>2147483647</string>
			<key>files</key>
			<array>
				<string>A7CB0B181979167F0058BE4E</string>
				<string>A74D4CAA19780655000A9991</string>
				<string>355B2A880F75E258876F1157</string>
				<string>355B2B4987B180A366ED013C</string>
			</array>
			<key>isa</key>
			<string>PBXResourcesBuildPhase</string>
			<key>runOnlyForDeploymentPostprocessing</key>
			<string>0</string>
		</dict>
		<key>A74D4C521978017B000A9991</key>
		<dict>
			<key>buildConfigurationList</key>
			<string>A74D4C881978017B000A9991</string>
			<key>buildPhases</key>
			<array>
				<string>A74D4C4F1978017B000A9991</string>
				<string>A74D4C501978017B000A9991</string>
				<string>A74D4C511978017B000A9991</string>
			</array>
			<key>buildRules</key>
			<array/>
			<key>dependencies</key>
			<array>
				<string>A7CB0B16197916590058BE4E</string>
				<string>A7CB0B14197916570058BE4E</string>
			</array>
			<key>isa</key>
			<string>PBXNativeTarget</string>
			<key>name</key>
			<string>Demo App</string>
			<key>productName</key>
			<string>OBImagePicker</string>
			<key>productReference</key>
			<string>A74D4C531978017B000A9991</string>
			<key>productType</key>
			<string>com.apple.product-type.application</string>
		</dict>
		<key>A74D4C531978017B000A9991</key>
		<dict>
			<key>explicitFileType</key>
			<string>wrapper.application</string>
			<key>includeInIndex</key>
			<string>0</string>
			<key>isa</key>
			<string>PBXFileReference</string>
			<key>path</key>
			<string>OBImagePicker.app</string>
			<key>sourceTree</key>
			<string>BUILT_PRODUCTS_DIR</string>
		</dict>
		<key>A74D4C541978017B000A9991</key>
		<dict>
			<key>children</key>
			<array>
				<string>A74D4C531978017B000A9991</string>
				<string>A74D4CB119780B2B000A9991</string>
				<string>A7CB0AEC197915E10058BE4E</string>
				<string>A7CB0B071979161E0058BE4E</string>
			</array>
			<key>isa</key>
			<string>PBXGroup</string>
			<key>name</key>
			<string>Products</string>
			<key>sourceTree</key>
			<string>&lt;group&gt;</string>
		</dict>
		<key>A74D4C551978017B000A9991</key>
		<dict>
			<key>children</key>
			<array>
				<string>A74D4C561978017B000A9991</string>
				<string>A74D4C581978017B000A9991</string>
				<string>A74D4C5A1978017B000A9991</string>
				<string>A74D4C781978017B000A9991</string>
				<string>B41F99B79040462185334385</string>
			</array>
			<key>isa</key>
			<string>PBXGroup</string>
			<key>name</key>
			<string>Frameworks</string>
			<key>sourceTree</key>
			<string>&lt;group&gt;</string>
		</dict>
		<key>A74D4C561978017B000A9991</key>
		<dict>
			<key>isa</key>
			<string>PBXFileReference</string>
			<key>lastKnownFileType</key>
			<string>wrapper.framework</string>
			<key>name</key>
			<string>Foundation.framework</string>
			<key>path</key>
			<string>System/Library/Frameworks/Foundation.framework</string>
			<key>sourceTree</key>
			<string>SDKROOT</string>
		</dict>
		<key>A74D4C571978017B000A9991</key>
		<dict>
			<key>fileRef</key>
			<string>A74D4C561978017B000A9991</string>
			<key>isa</key>
			<string>PBXBuildFile</string>
		</dict>
		<key>A74D4C581978017B000A9991</key>
		<dict>
			<key>isa</key>
			<string>PBXFileReference</string>
			<key>lastKnownFileType</key>
			<string>wrapper.framework</string>
			<key>name</key>
			<string>CoreGraphics.framework</string>
			<key>path</key>
			<string>System/Library/Frameworks/CoreGraphics.framework</string>
			<key>sourceTree</key>
			<string>SDKROOT</string>
		</dict>
		<key>A74D4C591978017B000A9991</key>
		<dict>
			<key>fileRef</key>
			<string>A74D4C581978017B000A9991</string>
			<key>isa</key>
			<string>PBXBuildFile</string>
		</dict>
		<key>A74D4C5A1978017B000A9991</key>
		<dict>
			<key>isa</key>
			<string>PBXFileReference</string>
			<key>lastKnownFileType</key>
			<string>wrapper.framework</string>
			<key>name</key>
			<string>UIKit.framework</string>
			<key>path</key>
			<string>System/Library/Frameworks/UIKit.framework</string>
			<key>sourceTree</key>
			<string>SDKROOT</string>
		</dict>
		<key>A74D4C5B1978017B000A9991</key>
		<dict>
			<key>fileRef</key>
			<string>A74D4C5A1978017B000A9991</string>
			<key>isa</key>
			<string>PBXBuildFile</string>
		</dict>
		<key>A74D4C781978017B000A9991</key>
		<dict>
			<key>isa</key>
			<string>PBXFileReference</string>
			<key>lastKnownFileType</key>
			<string>wrapper.framework</string>
			<key>name</key>
			<string>XCTest.framework</string>
			<key>path</key>
			<string>Library/Frameworks/XCTest.framework</string>
			<key>sourceTree</key>
			<string>DEVELOPER_DIR</string>
		</dict>
		<key>A74D4C861978017B000A9991</key>
		<dict>
			<key>buildSettings</key>
			<dict>
				<key>ALWAYS_SEARCH_USER_PATHS</key>
				<string>NO</string>
				<key>CLANG_CXX_LANGUAGE_STANDARD</key>
				<string>gnu++0x</string>
				<key>CLANG_CXX_LIBRARY</key>
				<string>libc++</string>
				<key>CLANG_ENABLE_MODULES</key>
				<string>YES</string>
				<key>CLANG_ENABLE_OBJC_ARC</key>
				<string>YES</string>
				<key>CLANG_WARN_BOOL_CONVERSION</key>
				<string>YES</string>
				<key>CLANG_WARN_CONSTANT_CONVERSION</key>
				<string>YES</string>
				<key>CLANG_WARN_DIRECT_OBJC_ISA_USAGE</key>
				<string>YES_ERROR</string>
				<key>CLANG_WARN_EMPTY_BODY</key>
				<string>YES</string>
				<key>CLANG_WARN_ENUM_CONVERSION</key>
				<string>YES</string>
				<key>CLANG_WARN_INT_CONVERSION</key>
				<string>YES</string>
				<key>CLANG_WARN_OBJC_ROOT_CLASS</key>
				<string>YES_ERROR</string>
				<key>CLANG_WARN__DUPLICATE_METHOD_MATCH</key>
				<string>YES</string>
				<key>CODE_SIGN_IDENTITY[sdk=iphoneos*]</key>
				<string>iPhone Developer</string>
				<key>COPY_PHASE_STRIP</key>
				<string>NO</string>
				<key>GCC_C_LANGUAGE_STANDARD</key>
				<string>gnu99</string>
				<key>GCC_DYNAMIC_NO_PIC</key>
				<string>NO</string>
				<key>GCC_OPTIMIZATION_LEVEL</key>
				<string>0</string>
				<key>GCC_PREPROCESSOR_DEFINITIONS</key>
				<array>
					<string>DEBUG=1</string>
					<string>$(inherited)</string>
				</array>
				<key>GCC_SYMBOLS_PRIVATE_EXTERN</key>
				<string>NO</string>
				<key>GCC_WARN_64_TO_32_BIT_CONVERSION</key>
				<string>YES</string>
				<key>GCC_WARN_ABOUT_RETURN_TYPE</key>
				<string>YES_ERROR</string>
				<key>GCC_WARN_UNDECLARED_SELECTOR</key>
				<string>YES</string>
				<key>GCC_WARN_UNINITIALIZED_AUTOS</key>
				<string>YES_AGGRESSIVE</string>
				<key>GCC_WARN_UNUSED_FUNCTION</key>
				<string>YES</string>
				<key>GCC_WARN_UNUSED_VARIABLE</key>
				<string>YES</string>
				<key>IPHONEOS_DEPLOYMENT_TARGET</key>
				<string>6.0</string>
				<key>ONLY_ACTIVE_ARCH</key>
				<string>YES</string>
				<key>SDKROOT</key>
				<string>iphoneos</string>
				<key>TARGETED_DEVICE_FAMILY</key>
				<string>1,2</string>
			</dict>
			<key>isa</key>
			<string>XCBuildConfiguration</string>
			<key>name</key>
			<string>Debug</string>
		</dict>
		<key>A74D4C871978017B000A9991</key>
		<dict>
			<key>buildSettings</key>
			<dict>
				<key>ALWAYS_SEARCH_USER_PATHS</key>
				<string>NO</string>
				<key>CLANG_CXX_LANGUAGE_STANDARD</key>
				<string>gnu++0x</string>
				<key>CLANG_CXX_LIBRARY</key>
				<string>libc++</string>
				<key>CLANG_ENABLE_MODULES</key>
				<string>YES</string>
				<key>CLANG_ENABLE_OBJC_ARC</key>
				<string>YES</string>
				<key>CLANG_WARN_BOOL_CONVERSION</key>
				<string>YES</string>
				<key>CLANG_WARN_CONSTANT_CONVERSION</key>
				<string>YES</string>
				<key>CLANG_WARN_DIRECT_OBJC_ISA_USAGE</key>
				<string>YES_ERROR</string>
				<key>CLANG_WARN_EMPTY_BODY</key>
				<string>YES</string>
				<key>CLANG_WARN_ENUM_CONVERSION</key>
				<string>YES</string>
				<key>CLANG_WARN_INT_CONVERSION</key>
				<string>YES</string>
				<key>CLANG_WARN_OBJC_ROOT_CLASS</key>
				<string>YES_ERROR</string>
				<key>CLANG_WARN__DUPLICATE_METHOD_MATCH</key>
				<string>YES</string>
				<key>CODE_SIGN_IDENTITY[sdk=iphoneos*]</key>
				<string>iPhone Developer</string>
				<key>COPY_PHASE_STRIP</key>
				<string>YES</string>
				<key>ENABLE_NS_ASSERTIONS</key>
				<string>NO</string>
				<key>GCC_C_LANGUAGE_STANDARD</key>
				<string>gnu99</string>
				<key>GCC_WARN_64_TO_32_BIT_CONVERSION</key>
				<string>YES</string>
				<key>GCC_WARN_ABOUT_RETURN_TYPE</key>
				<string>YES_ERROR</string>
				<key>GCC_WARN_UNDECLARED_SELECTOR</key>
				<string>YES</string>
				<key>GCC_WARN_UNINITIALIZED_AUTOS</key>
				<string>YES_AGGRESSIVE</string>
				<key>GCC_WARN_UNUSED_FUNCTION</key>
				<string>YES</string>
				<key>GCC_WARN_UNUSED_VARIABLE</key>
				<string>YES</string>
				<key>IPHONEOS_DEPLOYMENT_TARGET</key>
				<string>6.0</string>
				<key>SDKROOT</key>
				<string>iphoneos</string>
				<key>TARGETED_DEVICE_FAMILY</key>
				<string>1,2</string>
				<key>VALIDATE_PRODUCT</key>
				<string>YES</string>
			</dict>
			<key>isa</key>
			<string>XCBuildConfiguration</string>
			<key>name</key>
			<string>Release</string>
		</dict>
		<key>A74D4C881978017B000A9991</key>
		<dict>
			<key>buildConfigurations</key>
			<array>
				<string>A74D4C891978017B000A9991</string>
				<string>A74D4C8A1978017B000A9991</string>
			</array>
			<key>defaultConfigurationIsVisible</key>
			<string>0</string>
			<key>defaultConfigurationName</key>
			<string>Release</string>
			<key>isa</key>
			<string>XCConfigurationList</string>
		</dict>
		<key>A74D4C891978017B000A9991</key>
		<dict>
			<key>buildSettings</key>
			<dict>
				<key>ASSETCATALOG_COMPILER_APPICON_NAME</key>
				<string>AppIcon</string>
				<key>ASSETCATALOG_COMPILER_LAUNCHIMAGE_NAME</key>
				<string>LaunchImage</string>
				<key>GCC_GENERATE_TEST_COVERAGE_FILES</key>
				<string>YES</string>
				<key>GCC_PRECOMPILE_PREFIX_HEADER</key>
				<string>YES</string>
				<key>GCC_PREFIX_HEADER</key>
				<string>Demo/OBImagePicker-Prefix.pch</string>
				<key>INFOPLIST_FILE</key>
				<string>Demo/OBImagePicker-Info.plist</string>
				<key>OTHER_LDFLAGS</key>
				<string>-ObjC</string>
				<key>PRODUCT_NAME</key>
				<string>OBImagePicker</string>
				<key>WRAPPER_EXTENSION</key>
				<string>app</string>
			</dict>
			<key>isa</key>
			<string>XCBuildConfiguration</string>
			<key>name</key>
			<string>Debug</string>
		</dict>
		<key>A74D4C8A1978017B000A9991</key>
		<dict>
			<key>buildSettings</key>
			<dict>
				<key>ASSETCATALOG_COMPILER_APPICON_NAME</key>
				<string>AppIcon</string>
				<key>ASSETCATALOG_COMPILER_LAUNCHIMAGE_NAME</key>
				<string>LaunchImage</string>
				<key>GCC_GENERATE_TEST_COVERAGE_FILES</key>
				<string>NO</string>
				<key>GCC_PRECOMPILE_PREFIX_HEADER</key>
				<string>YES</string>
				<key>GCC_PREFIX_HEADER</key>
				<string>Demo/OBImagePicker-Prefix.pch</string>
				<key>INFOPLIST_FILE</key>
				<string>Demo/OBImagePicker-Info.plist</string>
				<key>OTHER_LDFLAGS</key>
				<string>-ObjC</string>
				<key>PRODUCT_NAME</key>
				<string>OBImagePicker</string>
				<key>WRAPPER_EXTENSION</key>
				<string>app</string>
			</dict>
			<key>isa</key>
			<string>XCBuildConfiguration</string>
			<key>name</key>
			<string>Release</string>
		</dict>
		<key>A74D4C8F19780473000A9991</key>
		<dict>
			<key>isa</key>
			<string>PBXFileReference</string>
			<key>lastKnownFileType</key>
			<string>text.plist.strings</string>
			<key>name</key>
			<string>en</string>
			<key>path</key>
			<string>en.lproj/OBAssetPicker.strings</string>
			<key>sourceTree</key>
			<string>&lt;group&gt;</string>
		</dict>
		<key>A74D4C9019780473000A9991</key>
		<dict>
			<key>children</key>
			<array>
				<string>A74D4C8F19780473000A9991</string>
				<string>A74D4C9119780498000A9991</string>
				<string>A74D4C93197804AE000A9991</string>
				<string>A74D4C95197804B4000A9991</string>
				<string>A74D4C97197804BA000A9991</string>
				<string>A74D4C99197804C0000A9991</string>
				<string>A74D4C9B19780502000A9991</string>
				<string>A74D4C9D19780506000A9991</string>
				<string>A74D4C9F1978050E000A9991</string>
				<string>A74D4CA119780515000A9991</string>
				<string>A74D4CA31978051F000A9991</string>
				<string>A74D4CA519780526000A9991</string>
				<string>A74D4CA71978052B000A9991</string>
			</array>
			<key>isa</key>
			<string>PBXVariantGroup</string>
			<key>name</key>
			<string>OBAssetPicker.strings</string>
			<key>sourceTree</key>
			<string>&lt;group&gt;</string>
		</dict>
		<key>A74D4C9119780498000A9991</key>
		<dict>
			<key>isa</key>
			<string>PBXFileReference</string>
			<key>lastKnownFileType</key>
			<string>text.plist.strings</string>
			<key>name</key>
			<string>de</string>
			<key>path</key>
			<string>de.lproj/OBAssetPicker.strings</string>
			<key>sourceTree</key>
			<string>&lt;group&gt;</string>
		</dict>
		<key>A74D4C93197804AE000A9991</key>
		<dict>
			<key>isa</key>
			<string>PBXFileReference</string>
			<key>lastKnownFileType</key>
			<string>text.plist.strings</string>
			<key>name</key>
			<string>cs</string>
			<key>path</key>
			<string>cs.lproj/OBAssetPicker.strings</string>
			<key>sourceTree</key>
			<string>&lt;group&gt;</string>
		</dict>
		<key>A74D4C95197804B4000A9991</key>
		<dict>
			<key>isa</key>
			<string>PBXFileReference</string>
			<key>lastKnownFileType</key>
			<string>text.plist.strings</string>
			<key>name</key>
			<string>fr</string>
			<key>path</key>
			<string>fr.lproj/OBAssetPicker.strings</string>
			<key>sourceTree</key>
			<string>&lt;group&gt;</string>
		</dict>
		<key>A74D4C97197804BA000A9991</key>
		<dict>
			<key>isa</key>
			<string>PBXFileReference</string>
			<key>lastKnownFileType</key>
			<string>text.plist.strings</string>
			<key>name</key>
			<string>hu</string>
			<key>path</key>
			<string>hu.lproj/OBAssetPicker.strings</string>
			<key>sourceTree</key>
			<string>&lt;group&gt;</string>
		</dict>
		<key>A74D4C99197804C0000A9991</key>
		<dict>
			<key>isa</key>
			<string>PBXFileReference</string>
			<key>lastKnownFileType</key>
			<string>text.plist.strings</string>
			<key>name</key>
			<string>it</string>
			<key>path</key>
			<string>it.lproj/OBAssetPicker.strings</string>
			<key>sourceTree</key>
			<string>&lt;group&gt;</string>
		</dict>
		<key>A74D4C9B19780502000A9991</key>
		<dict>
			<key>isa</key>
			<string>PBXFileReference</string>
			<key>lastKnownFileType</key>
			<string>text.plist.strings</string>
			<key>name</key>
			<string>es</string>
			<key>path</key>
			<string>es.lproj/OBAssetPicker.strings</string>
			<key>sourceTree</key>
			<string>&lt;group&gt;</string>
		</dict>
		<key>A74D4C9D19780506000A9991</key>
		<dict>
			<key>isa</key>
			<string>PBXFileReference</string>
			<key>lastKnownFileType</key>
			<string>text.plist.strings</string>
			<key>name</key>
			<string>pt</string>
			<key>path</key>
			<string>pt.lproj/OBAssetPicker.strings</string>
			<key>sourceTree</key>
			<string>&lt;group&gt;</string>
		</dict>
		<key>A74D4C9F1978050E000A9991</key>
		<dict>
			<key>isa</key>
			<string>PBXFileReference</string>
			<key>lastKnownFileType</key>
			<string>text.plist.strings</string>
			<key>name</key>
			<string>nl</string>
			<key>path</key>
			<string>nl.lproj/OBAssetPicker.strings</string>
			<key>sourceTree</key>
			<string>&lt;group&gt;</string>
		</dict>
		<key>A74D4CA119780515000A9991</key>
		<dict>
			<key>isa</key>
			<string>PBXFileReference</string>
			<key>lastKnownFileType</key>
			<string>text.plist.strings</string>
			<key>name</key>
			<string>ro</string>
			<key>path</key>
			<string>ro.lproj/OBAssetPicker.strings</string>
			<key>sourceTree</key>
			<string>&lt;group&gt;</string>
		</dict>
		<key>A74D4CA31978051F000A9991</key>
		<dict>
			<key>isa</key>
			<string>PBXFileReference</string>
			<key>lastKnownFileType</key>
			<string>text.plist.strings</string>
			<key>name</key>
			<string>da</string>
			<key>path</key>
			<string>da.lproj/OBAssetPicker.strings</string>
			<key>sourceTree</key>
			<string>&lt;group&gt;</string>
		</dict>
		<key>A74D4CA519780526000A9991</key>
		<dict>
			<key>isa</key>
			<string>PBXFileReference</string>
			<key>lastKnownFileType</key>
			<string>text.plist.strings</string>
			<key>name</key>
			<string>ru</string>
			<key>path</key>
			<string>ru.lproj/OBAssetPicker.strings</string>
			<key>sourceTree</key>
			<string>&lt;group&gt;</string>
		</dict>
		<key>A74D4CA71978052B000A9991</key>
		<dict>
			<key>isa</key>
			<string>PBXFileReference</string>
			<key>lastKnownFileType</key>
			<string>text.plist.strings</string>
			<key>name</key>
			<string>pl</string>
			<key>path</key>
			<string>pl.lproj/OBAssetPicker.strings</string>
			<key>sourceTree</key>
			<string>&lt;group&gt;</string>
		</dict>
		<key>A74D4CA919780655000A9991</key>
		<dict>
			<key>fileEncoding</key>
			<string>4</string>
			<key>isa</key>
			<string>PBXFileReference</string>
			<key>lastKnownFileType</key>
			<string>file.storyboard</string>
			<key>path</key>
			<string>Main_iPhone.storyboard</string>
			<key>sourceTree</key>
			<string>&lt;group&gt;</string>
		</dict>
		<key>A74D4CAA19780655000A9991</key>
		<dict>
			<key>fileRef</key>
			<string>A74D4CA919780655000A9991</string>
			<key>isa</key>
			<string>PBXBuildFile</string>
		</dict>
		<key>A74D4CAD19780B2B000A9991</key>
		<dict>
			<key>buildActionMask</key>
			<string>2147483647</string>
			<key>files</key>
			<array>
				<string>355B224A07C8F5CE7A05B064</string>
				<string>355B2EA0B3571F351CB807BC</string>
				<string>355B202E8C9424AB51E3E1E7</string>
				<string>355B2BBD34F2D21735DED359</string>
				<string>355B2CD81CC3F9EEA39532E1</string>
				<string>355B2F973C3A845557D42651</string>
				<string>355B2788ACE8C850FE6C7038</string>
				<string>355B22F70ED327C5DF1B4608</string>
			</array>
			<key>isa</key>
			<string>PBXSourcesBuildPhase</string>
			<key>runOnlyForDeploymentPostprocessing</key>
			<string>0</string>
		</dict>
		<key>A74D4CAE19780B2B000A9991</key>
		<dict>
			<key>buildActionMask</key>
			<string>2147483647</string>
			<key>files</key>
			<array>
				<string>A74D4CB219780B2B000A9991</string>
				<string>A74D4CB419780B2B000A9991</string>
				<string>A74D4CB319780B2B000A9991</string>
				<string>CD8DDC2E98944E06935A6BE5</string>
			</array>
			<key>isa</key>
			<string>PBXFrameworksBuildPhase</string>
			<key>runOnlyForDeploymentPostprocessing</key>
			<string>0</string>
		</dict>
		<key>A74D4CAF19780B2B000A9991</key>
		<dict>
			<key>buildActionMask</key>
			<string>2147483647</string>
			<key>files</key>
			<array>
				<string>A74D4CBA19780B2B000A9991</string>
				<string>355B237907292FD187731A77</string>
			</array>
			<key>isa</key>
			<string>PBXResourcesBuildPhase</string>
			<key>runOnlyForDeploymentPostprocessing</key>
			<string>0</string>
		</dict>
		<key>A74D4CB019780B2B000A9991</key>
		<dict>
			<key>buildConfigurationList</key>
			<string>A74D4CC019780B2B000A9991</string>
			<key>buildPhases</key>
			<array>
				<string>477C5D50B1D540F0BCD47920</string>
				<string>A74D4CAD19780B2B000A9991</string>
				<string>A74D4CAE19780B2B000A9991</string>
				<string>A74D4CAF19780B2B000A9991</string>
				<string>274685CA0AB44D94A4A447DB</string>
			</array>
			<key>buildRules</key>
			<array/>
			<key>dependencies</key>
			<array>
				<string>A74D4CBF19780B2B000A9991</string>
				<string>A7CB0B1A197918F50058BE4E</string>
				<string>A7CB0B1C197918F50058BE4E</string>
			</array>
			<key>isa</key>
			<string>PBXNativeTarget</string>
			<key>name</key>
			<string>Tests</string>
			<key>productName</key>
			<string>Tests</string>
			<key>productReference</key>
			<string>A74D4CB119780B2B000A9991</string>
			<key>productType</key>
			<string>com.apple.product-type.bundle.unit-test</string>
		</dict>
		<key>A74D4CB119780B2B000A9991</key>
		<dict>
			<key>explicitFileType</key>
			<string>wrapper.cfbundle</string>
			<key>includeInIndex</key>
			<string>0</string>
			<key>isa</key>
			<string>PBXFileReference</string>
			<key>path</key>
			<string>Tests.xctest</string>
			<key>sourceTree</key>
			<string>BUILT_PRODUCTS_DIR</string>
		</dict>
		<key>A74D4CB219780B2B000A9991</key>
		<dict>
			<key>fileRef</key>
			<string>A74D4C781978017B000A9991</string>
			<key>isa</key>
			<string>PBXBuildFile</string>
		</dict>
		<key>A74D4CB319780B2B000A9991</key>
		<dict>
			<key>fileRef</key>
			<string>A74D4C561978017B000A9991</string>
			<key>isa</key>
			<string>PBXBuildFile</string>
		</dict>
		<key>A74D4CB419780B2B000A9991</key>
		<dict>
			<key>fileRef</key>
			<string>A74D4C5A1978017B000A9991</string>
			<key>isa</key>
			<string>PBXBuildFile</string>
		</dict>
		<key>A74D4CB519780B2B000A9991</key>
		<dict>
			<key>children</key>
			<array>
				<string>A74D4CB619780B2B000A9991</string>
				<string>355B262C6240C51F3FB859F9</string>
				<string>355B2C2C8DE770EB23C128CA</string>
			</array>
			<key>isa</key>
			<string>PBXGroup</string>
			<key>path</key>
			<string>Tests</string>
			<key>sourceTree</key>
			<string>&lt;group&gt;</string>
		</dict>
		<key>A74D4CB619780B2B000A9991</key>
		<dict>
			<key>children</key>
			<array>
				<string>A74D4CB719780B2B000A9991</string>
				<string>A74D4CB819780B2B000A9991</string>
				<string>A74D4CBD19780B2B000A9991</string>
			</array>
			<key>isa</key>
			<string>PBXGroup</string>
			<key>name</key>
			<string>Supporting Files</string>
			<key>sourceTree</key>
			<string>&lt;group&gt;</string>
		</dict>
		<key>A74D4CB719780B2B000A9991</key>
		<dict>
			<key>isa</key>
			<string>PBXFileReference</string>
			<key>lastKnownFileType</key>
			<string>text.plist.xml</string>
			<key>path</key>
			<string>Tests-Info.plist</string>
			<key>sourceTree</key>
			<string>&lt;group&gt;</string>
		</dict>
		<key>A74D4CB819780B2B000A9991</key>
		<dict>
			<key>children</key>
			<array>
				<string>A74D4CB919780B2B000A9991</string>
			</array>
			<key>isa</key>
			<string>PBXVariantGroup</string>
			<key>name</key>
			<string>InfoPlist.strings</string>
			<key>sourceTree</key>
			<string>&lt;group&gt;</string>
		</dict>
		<key>A74D4CB919780B2B000A9991</key>
		<dict>
			<key>isa</key>
			<string>PBXFileReference</string>
			<key>lastKnownFileType</key>
			<string>text.plist.strings</string>
			<key>name</key>
			<string>en</string>
			<key>path</key>
			<string>en.lproj/InfoPlist.strings</string>
			<key>sourceTree</key>
			<string>&lt;group&gt;</string>
		</dict>
		<key>A74D4CBA19780B2B000A9991</key>
		<dict>
			<key>fileRef</key>
			<string>A74D4CB819780B2B000A9991</string>
			<key>isa</key>
			<string>PBXBuildFile</string>
		</dict>
		<key>A74D4CBD19780B2B000A9991</key>
		<dict>
			<key>isa</key>
			<string>PBXFileReference</string>
			<key>lastKnownFileType</key>
			<string>sourcecode.c.h</string>
			<key>path</key>
			<string>Tests-Prefix.pch</string>
			<key>sourceTree</key>
			<string>&lt;group&gt;</string>
		</dict>
		<key>A74D4CBE19780B2B000A9991</key>
		<dict>
			<key>containerPortal</key>
			<string>A74D4C4B1978017B000A9991</string>
			<key>isa</key>
			<string>PBXContainerItemProxy</string>
			<key>proxyType</key>
			<string>1</string>
			<key>remoteGlobalIDString</key>
			<string>A74D4C521978017B000A9991</string>
			<key>remoteInfo</key>
			<string>OBImagePicker</string>
		</dict>
		<key>A74D4CBF19780B2B000A9991</key>
		<dict>
			<key>isa</key>
			<string>PBXTargetDependency</string>
			<key>target</key>
			<string>A74D4C521978017B000A9991</string>
			<key>targetProxy</key>
			<string>A74D4CBE19780B2B000A9991</string>
		</dict>
		<key>A74D4CC019780B2B000A9991</key>
		<dict>
			<key>buildConfigurations</key>
			<array>
				<string>A74D4CC119780B2B000A9991</string>
				<string>A74D4CC219780B2B000A9991</string>
			</array>
			<key>defaultConfigurationIsVisible</key>
			<string>0</string>
			<key>defaultConfigurationName</key>
			<string>Release</string>
			<key>isa</key>
			<string>XCConfigurationList</string>
		</dict>
		<key>A74D4CC119780B2B000A9991</key>
		<dict>
			<key>baseConfigurationReference</key>
			<string>7C35341FC3F364A4B71574E1</string>
			<key>buildSettings</key>
			<dict>
				<key>BUNDLE_LOADER</key>
				<string>$(BUILT_PRODUCTS_DIR)/OBImagePicker.app/OBImagePicker</string>
				<key>FRAMEWORK_SEARCH_PATHS</key>
				<array>
					<string>$(SDKROOT)/Developer/Library/Frameworks</string>
					<string>$(inherited)</string>
					<string>$(DEVELOPER_FRAMEWORKS_DIR)</string>
				</array>
				<key>GCC_PRECOMPILE_PREFIX_HEADER</key>
				<string>YES</string>
				<key>GCC_PREFIX_HEADER</key>
				<string>Tests/Tests-Prefix.pch</string>
				<key>GCC_PREPROCESSOR_DEFINITIONS</key>
				<array>
					<string>DEBUG=1</string>
					<string>$(inherited)</string>
				</array>
				<key>INFOPLIST_FILE</key>
				<string>Tests/Tests-Info.plist</string>
				<key>PRODUCT_NAME</key>
				<string>$(TARGET_NAME)</string>
				<key>TEST_HOST</key>
				<string>$(BUNDLE_LOADER)</string>
				<key>WRAPPER_EXTENSION</key>
				<string>xctest</string>
			</dict>
			<key>isa</key>
			<string>XCBuildConfiguration</string>
			<key>name</key>
			<string>Debug</string>
		</dict>
		<key>A74D4CC219780B2B000A9991</key>
		<dict>
			<key>baseConfigurationReference</key>
			<string>03D6DD4997A2236463622724</string>
			<key>buildSettings</key>
			<dict>
				<key>BUNDLE_LOADER</key>
				<string>$(BUILT_PRODUCTS_DIR)/OBImagePicker.app/OBImagePicker</string>
				<key>FRAMEWORK_SEARCH_PATHS</key>
				<array>
					<string>$(SDKROOT)/Developer/Library/Frameworks</string>
					<string>$(inherited)</string>
					<string>$(DEVELOPER_FRAMEWORKS_DIR)</string>
				</array>
				<key>GCC_PRECOMPILE_PREFIX_HEADER</key>
				<string>YES</string>
				<key>GCC_PREFIX_HEADER</key>
				<string>Tests/Tests-Prefix.pch</string>
				<key>INFOPLIST_FILE</key>
				<string>Tests/Tests-Info.plist</string>
				<key>PRODUCT_NAME</key>
				<string>$(TARGET_NAME)</string>
				<key>TEST_HOST</key>
				<string>$(BUNDLE_LOADER)</string>
				<key>WRAPPER_EXTENSION</key>
				<string>xctest</string>
			</dict>
			<key>isa</key>
			<string>XCBuildConfiguration</string>
			<key>name</key>
			<string>Release</string>
		</dict>
		<key>A7CB0AE8197915E10058BE4E</key>
		<dict>
			<key>buildActionMask</key>
			<string>2147483647</string>
			<key>files</key>
			<array>
				<string>A7CB0B22197D0AB40058BE4E</string>
				<string>A72E4D94197956CE00B80030</string>
				<string>A72E4D95197956CE00B80030</string>
				<string>A72E4D8F197956CE00B80030</string>
				<string>A72E4D93197956CE00B80030</string>
				<string>A7CB0B25197D0ACA0058BE4E</string>
				<string>A7CB0B21197D0AB10058BE4E</string>
				<string>A72E4D92197956CE00B80030</string>
				<string>A72E4D90197956CE00B80030</string>
				<string>A7CB0B23197D0AB70058BE4E</string>
				<string>A72E4D91197956CE00B80030</string>
				<string>A7CB0B24197D0ABB0058BE4E</string>
			</array>
			<key>isa</key>
			<string>PBXSourcesBuildPhase</string>
			<key>runOnlyForDeploymentPostprocessing</key>
			<string>0</string>
		</dict>
		<key>A7CB0AE9197915E10058BE4E</key>
		<dict>
			<key>buildActionMask</key>
			<string>2147483647</string>
			<key>files</key>
			<array/>
			<key>isa</key>
			<string>PBXFrameworksBuildPhase</string>
			<key>runOnlyForDeploymentPostprocessing</key>
			<string>0</string>
		</dict>
		<key>A7CB0AEA197915E10058BE4E</key>
		<dict>
			<key>buildActionMask</key>
			<string>2147483647</string>
			<key>dstPath</key>
			<string>include/$(PRODUCT_NAME)</string>
			<key>dstSubfolderSpec</key>
			<string>16</string>
			<key>files</key>
			<array/>
			<key>isa</key>
			<string>PBXCopyFilesBuildPhase</string>
			<key>runOnlyForDeploymentPostprocessing</key>
			<string>0</string>
		</dict>
		<key>A7CB0AEB197915E10058BE4E</key>
		<dict>
			<key>buildConfigurationList</key>
			<string>A7CB0AFD197915E10058BE4E</string>
			<key>buildPhases</key>
			<array>
				<string>A7CB0AE8197915E10058BE4E</string>
				<string>A7CB0AE9197915E10058BE4E</string>
				<string>A7CB0AEA197915E10058BE4E</string>
			</array>
			<key>buildRules</key>
			<array/>
			<key>dependencies</key>
			<array/>
			<key>isa</key>
			<string>PBXNativeTarget</string>
			<key>name</key>
			<string>Static Library</string>
			<key>productName</key>
			<string>OBImagePicker</string>
			<key>productReference</key>
			<string>A7CB0AEC197915E10058BE4E</string>
			<key>productType</key>
			<string>com.apple.product-type.library.static</string>
		</dict>
		<key>A7CB0AEC197915E10058BE4E</key>
		<dict>
			<key>explicitFileType</key>
			<string>archive.ar</string>
			<key>includeInIndex</key>
			<string>0</string>
			<key>isa</key>
			<string>PBXFileReference</string>
			<key>path</key>
			<string>libOBImagePicker.a</string>
			<key>sourceTree</key>
			<string>BUILT_PRODUCTS_DIR</string>
		</dict>
		<key>A7CB0AFD197915E10058BE4E</key>
		<dict>
			<key>buildConfigurations</key>
			<array>
				<string>A7CB0AFE197915E10058BE4E</string>
				<string>A7CB0AFF197915E10058BE4E</string>
			</array>
			<key>defaultConfigurationIsVisible</key>
			<string>0</string>
			<key>defaultConfigurationName</key>
			<string>Release</string>
			<key>isa</key>
			<string>XCConfigurationList</string>
		</dict>
		<key>A7CB0AFE197915E10058BE4E</key>
		<dict>
			<key>buildSettings</key>
			<dict>
				<key>CLANG_WARN_UNREACHABLE_CODE</key>
				<string>YES</string>
				<key>ENABLE_STRICT_OBJC_MSGSEND</key>
				<string>YES</string>
				<key>GCC_PREFIX_HEADER</key>
				<string>Core/OBImagePicker-Prefix.pch</string>
				<key>GCC_PREPROCESSOR_DEFINITIONS</key>
				<array>
					<string>DEBUG=1</string>
					<string>$(inherited)</string>
				</array>
				<key>IPHONEOS_DEPLOYMENT_TARGET</key>
				<string>6.0</string>
				<key>MTL_ENABLE_DEBUG_INFO</key>
				<string>YES</string>
				<key>PRODUCT_NAME</key>
				<string>OBImagePicker</string>
				<key>SKIP_INSTALL</key>
				<string>YES</string>
			</dict>
			<key>isa</key>
			<string>XCBuildConfiguration</string>
			<key>name</key>
			<string>Debug</string>
		</dict>
		<key>A7CB0AFF197915E10058BE4E</key>
		<dict>
			<key>buildSettings</key>
			<dict>
				<key>CLANG_WARN_UNREACHABLE_CODE</key>
				<string>YES</string>
				<key>ENABLE_STRICT_OBJC_MSGSEND</key>
				<string>YES</string>
				<key>GCC_PREFIX_HEADER</key>
				<string>Core/OBImagePicker-Prefix.pch</string>
				<key>IPHONEOS_DEPLOYMENT_TARGET</key>
				<string>6.0</string>
				<key>MTL_ENABLE_DEBUG_INFO</key>
				<string>NO</string>
				<key>PRODUCT_NAME</key>
				<string>OBImagePicker</string>
				<key>SKIP_INSTALL</key>
				<string>YES</string>
			</dict>
			<key>isa</key>
			<string>XCBuildConfiguration</string>
			<key>name</key>
			<string>Release</string>
		</dict>
		<key>A7CB0B031979161E0058BE4E</key>
		<dict>
			<key>buildActionMask</key>
			<string>2147483647</string>
			<key>files</key>
			<array/>
			<key>isa</key>
			<string>PBXSourcesBuildPhase</string>
			<key>runOnlyForDeploymentPostprocessing</key>
			<string>0</string>
		</dict>
		<key>A7CB0B041979161E0058BE4E</key>
		<dict>
			<key>buildActionMask</key>
			<string>2147483647</string>
			<key>files</key>
			<array/>
			<key>isa</key>
			<string>PBXFrameworksBuildPhase</string>
			<key>runOnlyForDeploymentPostprocessing</key>
			<string>0</string>
		</dict>
		<key>A7CB0B051979161E0058BE4E</key>
		<dict>
			<key>buildActionMask</key>
			<string>2147483647</string>
			<key>files</key>
			<array>
				<string>A7CB0B11197916420058BE4E</string>
				<string>A7CB0B0E197916370058BE4E</string>
				<string>A7CB0B101979163E0058BE4E</string>
				<string>A72E4D8E197953E200B80030</string>
				<string>A7CB0B0F1979163B0058BE4E</string>
			</array>
			<key>isa</key>
			<string>PBXResourcesBuildPhase</string>
			<key>runOnlyForDeploymentPostprocessing</key>
			<string>0</string>
		</dict>
		<key>A7CB0B061979161E0058BE4E</key>
		<dict>
			<key>buildConfigurationList</key>
			<string>A7CB0B0B1979161E0058BE4E</string>
			<key>buildPhases</key>
			<array>
				<string>A7CB0B031979161E0058BE4E</string>
				<string>A7CB0B041979161E0058BE4E</string>
				<string>A7CB0B051979161E0058BE4E</string>
			</array>
			<key>buildRules</key>
			<array/>
			<key>dependencies</key>
			<array/>
			<key>isa</key>
			<string>PBXNativeTarget</string>
			<key>name</key>
			<string>Resource Bundle</string>
			<key>productName</key>
			<string>Resource Bundle</string>
			<key>productReference</key>
			<string>A7CB0B071979161E0058BE4E</string>
			<key>productType</key>
			<string>com.apple.product-type.bundle</string>
		</dict>
		<key>A7CB0B071979161E0058BE4E</key>
		<dict>
			<key>explicitFileType</key>
			<string>wrapper.cfbundle</string>
			<key>includeInIndex</key>
			<string>0</string>
			<key>isa</key>
			<string>PBXFileReference</string>
			<key>path</key>
			<string>OBImagePicker.bundle</string>
			<key>sourceTree</key>
			<string>BUILT_PRODUCTS_DIR</string>
		</dict>
		<key>A7CB0B0B1979161E0058BE4E</key>
		<dict>
			<key>buildConfigurations</key>
			<array>
				<string>A7CB0B0C1979161E0058BE4E</string>
				<string>A7CB0B0D1979161E0058BE4E</string>
			</array>
			<key>defaultConfigurationIsVisible</key>
			<string>0</string>
			<key>defaultConfigurationName</key>
			<string>Release</string>
			<key>isa</key>
			<string>XCConfigurationList</string>
		</dict>
		<key>A7CB0B0C1979161E0058BE4E</key>
		<dict>
			<key>buildSettings</key>
			<dict>
				<key>CLANG_WARN_UNREACHABLE_CODE</key>
				<string>YES</string>
				<key>ENABLE_STRICT_OBJC_MSGSEND</key>
				<string>YES</string>
				<key>GCC_PREPROCESSOR_DEFINITIONS</key>
				<array>
					<string>DEBUG=1</string>
					<string>$(inherited)</string>
				</array>
				<key>INFOPLIST_FILE</key>
				<string>Core/Resource/Resources-Info.plist</string>
				<key>IPHONEOS_DEPLOYMENT_TARGET</key>
				<string>6.0</string>
				<key>MTL_ENABLE_DEBUG_INFO</key>
				<string>YES</string>
				<key>PRODUCT_NAME</key>
				<string>OBImagePicker</string>
				<key>SDKROOT</key>
				<string>iphoneos</string>
				<key>SKIP_INSTALL</key>
				<string>YES</string>
				<key>WRAPPER_EXTENSION</key>
				<string>bundle</string>
			</dict>
			<key>isa</key>
			<string>XCBuildConfiguration</string>
			<key>name</key>
			<string>Debug</string>
		</dict>
		<key>A7CB0B0D1979161E0058BE4E</key>
		<dict>
			<key>buildSettings</key>
			<dict>
				<key>CLANG_WARN_UNREACHABLE_CODE</key>
				<string>YES</string>
				<key>DEBUG_INFORMATION_FORMAT</key>
				<string>dwarf-with-dsym</string>
				<key>ENABLE_STRICT_OBJC_MSGSEND</key>
				<string>YES</string>
				<key>INFOPLIST_FILE</key>
				<string>Core/Resource/Resources-Info.plist</string>
				<key>IPHONEOS_DEPLOYMENT_TARGET</key>
				<string>6.0</string>
				<key>MTL_ENABLE_DEBUG_INFO</key>
				<string>NO</string>
				<key>PRODUCT_NAME</key>
				<string>OBImagePicker</string>
				<key>SDKROOT</key>
				<string>iphoneos</string>
				<key>SKIP_INSTALL</key>
				<string>YES</string>
				<key>WRAPPER_EXTENSION</key>
				<string>bundle</string>
			</dict>
			<key>isa</key>
			<string>XCBuildConfiguration</string>
			<key>name</key>
			<string>Release</string>
		</dict>
		<key>A7CB0B0E197916370058BE4E</key>
		<dict>
			<key>fileRef</key>
			<string>355B26D32CED01C0F7BDDC3D</string>
			<key>isa</key>
			<string>PBXBuildFile</string>
		</dict>
		<key>A7CB0B0F1979163B0058BE4E</key>
		<dict>
			<key>fileRef</key>
			<string>355B27E3CE201AB176F2495F</string>
			<key>isa</key>
			<string>PBXBuildFile</string>
		</dict>
		<key>A7CB0B101979163E0058BE4E</key>
		<dict>
			<key>fileRef</key>
			<string>355B2E52C4BF2B9F104F4FCC</string>
			<key>isa</key>
			<string>PBXBuildFile</string>
		</dict>
		<key>A7CB0B11197916420058BE4E</key>
		<dict>
			<key>fileRef</key>
			<string>355B2695A71E9EC5C329E546</string>
			<key>isa</key>
			<string>PBXBuildFile</string>
		</dict>
		<key>A7CB0B13197916570058BE4E</key>
		<dict>
			<key>containerPortal</key>
			<string>A74D4C4B1978017B000A9991</string>
			<key>isa</key>
			<string>PBXContainerItemProxy</string>
			<key>proxyType</key>
			<string>1</string>
			<key>remoteGlobalIDString</key>
			<string>A7CB0AEB197915E10058BE4E</string>
			<key>remoteInfo</key>
			<string>Static Library</string>
		</dict>
		<key>A7CB0B14197916570058BE4E</key>
		<dict>
			<key>isa</key>
			<string>PBXTargetDependency</string>
			<key>target</key>
			<string>A7CB0AEB197915E10058BE4E</string>
			<key>targetProxy</key>
			<string>A7CB0B13197916570058BE4E</string>
		</dict>
		<key>A7CB0B15197916590058BE4E</key>
		<dict>
			<key>containerPortal</key>
			<string>A74D4C4B1978017B000A9991</string>
			<key>isa</key>
			<string>PBXContainerItemProxy</string>
			<key>proxyType</key>
			<string>1</string>
			<key>remoteGlobalIDString</key>
			<string>A7CB0B061979161E0058BE4E</string>
			<key>remoteInfo</key>
			<string>Resource Bundle</string>
		</dict>
		<key>A7CB0B16197916590058BE4E</key>
		<dict>
			<key>isa</key>
			<string>PBXTargetDependency</string>
			<key>target</key>
			<string>A7CB0B061979161E0058BE4E</string>
			<key>targetProxy</key>
			<string>A7CB0B15197916590058BE4E</string>
		</dict>
		<key>A7CB0B17197916620058BE4E</key>
		<dict>
			<key>fileRef</key>
			<string>A7CB0AEC197915E10058BE4E</string>
			<key>isa</key>
			<string>PBXBuildFile</string>
		</dict>
		<key>A7CB0B181979167F0058BE4E</key>
		<dict>
			<key>fileRef</key>
			<string>A7CB0B071979161E0058BE4E</string>
			<key>isa</key>
			<string>PBXBuildFile</string>
		</dict>
		<key>A7CB0B19197918F50058BE4E</key>
		<dict>
			<key>containerPortal</key>
			<string>A74D4C4B1978017B000A9991</string>
			<key>isa</key>
			<string>PBXContainerItemProxy</string>
			<key>proxyType</key>
			<string>1</string>
			<key>remoteGlobalIDString</key>
			<string>A74D4C521978017B000A9991</string>
			<key>remoteInfo</key>
			<string>Demo App</string>
		</dict>
		<key>A7CB0B1A197918F50058BE4E</key>
		<dict>
			<key>isa</key>
			<string>PBXTargetDependency</string>
			<key>target</key>
			<string>A74D4C521978017B000A9991</string>
			<key>targetProxy</key>
			<string>A7CB0B19197918F50058BE4E</string>
		</dict>
		<key>A7CB0B1B197918F50058BE4E</key>
		<dict>
			<key>containerPortal</key>
			<string>A74D4C4B1978017B000A9991</string>
			<key>isa</key>
			<string>PBXContainerItemProxy</string>
			<key>proxyType</key>
			<string>1</string>
			<key>remoteGlobalIDString</key>
			<string>A74D4C521978017B000A9991</string>
			<key>remoteInfo</key>
			<string>Demo App</string>
		</dict>
		<key>A7CB0B1C197918F50058BE4E</key>
		<dict>
			<key>isa</key>
			<string>PBXTargetDependency</string>
			<key>target</key>
			<string>A74D4C521978017B000A9991</string>
			<key>targetProxy</key>
			<string>A7CB0B1B197918F50058BE4E</string>
		</dict>
		<key>A7CB0B21197D0AB10058BE4E</key>
		<dict>
			<key>fileRef</key>
			<string>355B2ABF7B61AB312641883E</string>
			<key>isa</key>
			<string>PBXBuildFile</string>
		</dict>
		<key>A7CB0B22197D0AB40058BE4E</key>
		<dict>
			<key>fileRef</key>
			<string>355B2E78866E37AC77D6260B</string>
			<key>isa</key>
			<string>PBXBuildFile</string>
		</dict>
		<key>A7CB0B23197D0AB70058BE4E</key>
		<dict>
			<key>fileRef</key>
			<string>355B2E0BE4958046E93F9A6D</string>
			<key>isa</key>
			<string>PBXBuildFile</string>
		</dict>
		<key>A7CB0B24197D0ABB0058BE4E</key>
		<dict>
			<key>fileRef</key>
			<string>355B230DBA81AAAFD8B1C824</string>
			<key>isa</key>
			<string>PBXBuildFile</string>
		</dict>
		<key>A7CB0B25197D0ACA0058BE4E</key>
		<dict>
			<key>fileRef</key>
			<string>355B26C436704145F4ACF0BF</string>
			<key>isa</key>
			<string>PBXBuildFile</string>
		</dict>
		<key>B41F99B79040462185334385</key>
		<dict>
			<key>explicitFileType</key>
			<string>archive.ar</string>
			<key>includeInIndex</key>
			<string>0</string>
			<key>isa</key>
			<string>PBXFileReference</string>
			<key>path</key>
			<string>libPods-Tests.a</string>
			<key>sourceTree</key>
			<string>BUILT_PRODUCTS_DIR</string>
		</dict>
		<key>CD8DDC2E98944E06935A6BE5</key>
		<dict>
			<key>fileRef</key>
			<string>B41F99B79040462185334385</string>
			<key>isa</key>
			<string>PBXBuildFile</string>
		</dict>
	</dict>
	<key>rootObject</key>
	<string>A74D4C4B1978017B000A9991</string>
</dict>
</plist>
